
Microsoft Visual Studio Solution File, Format Version 12.00
# Visual Studio 15
VisualStudioVersion = 15.0.28010.2050
MinimumVisualStudioVersion = 10.0.40219.1
Project("{F2A71F9B-5D33-465A-A702-920D77279786}") = "Board Game Prices", "Board Game Prices\Board Game Prices.fsproj", "{5EBD5C90-0B2E-49F0-815C-1AD5260F9368}"
EndProject
Global
	GlobalSection(SolutionConfigurationPlatforms) = preSolution
		Debug|Any CPU = Debug|Any CPU
		Release|Any CPU = Release|Any CPU
	EndGlobalSection
	GlobalSection(ProjectConfigurationPlatforms) = postSolution
		{5EBD5C90-0B2E-49F0-815C-1AD5260F9368}.Debug|Any CPU.ActiveCfg = Debug|Any CPU
		{5EBD5C90-0B2E-49F0-815C-1AD5260F9368}.Debug|Any CPU.Build.0 = Debug|Any CPU
		{5EBD5C90-0B2E-49F0-815C-1AD5260F9368}.Release|Any CPU.ActiveCfg = Release|Any CPU
		{5EBD5C90-0B2E-49F0-815C-1AD5260F9368}.Release|Any CPU.Build.0 = Release|Any CPU
	EndGlobalSection
	GlobalSection(SolutionProperties) = preSolution
		HideSolutionNode = FALSE
	EndGlobalSection
	GlobalSection(ExtensibilityGlobals) = postSolution
		SolutionGuid = {F4C7A063-0156-4190-BDE9-15BC2FD5AD25}
	EndGlobalSection
EndGlobal
